// !$*UTF8*$!
{
	archiveVersion = 1;
	classes = {
	};
	objectVersion = 77;
	objects = {

/* Begin PBXBuildFile section */
		9413B9C72DFC85240012E8D4 /* SwiftDown in Frameworks */ = {isa = PBXBuildFile; productRef = 947F61C32DFC8391004BC30B /* SwiftDown */; };
/* End PBXBuildFile section */

/* Begin PBXContainerItemProxy section */
		947F61132DFC6F17004BC30B /* PBXContainerItemProxy */ = {
			isa = PBXContainerItemProxy;
			containerPortal = 947F60FC2DFC6F16004BC30B /* Project object */;
			proxyType = 1;
			remoteGlobalIDString = 947F61032DFC6F16004BC30B;
			remoteInfo = SwiftDownDemo;
		};
		947F611D2DFC6F17004BC30B /* PBXContainerItemProxy */ = {
			isa = PBXContainerItemProxy;
			containerPortal = 947F60FC2DFC6F16004BC30B /* Project object */;
			proxyType = 1;
			remoteGlobalIDString = 947F61032DFC6F16004BC30B;
			remoteInfo = SwiftDownDemo;
		};
/* End PBXContainerItemProxy section */

/* Begin PBXFileReference section */
		947F61042DFC6F16004BC30B /* SwiftDownDemo.app */ = {isa = PBXFileReference; explicitFileType = wrapper.application; includeInIndex = 0; path = SwiftDownDemo.app; sourceTree = BUILT_PRODUCTS_DIR; };
		947F61122DFC6F17004BC30B /* SwiftDownDemoTests.xctest */ = {isa = PBXFileReference; explicitFileType = wrapper.cfbundle; includeInIndex = 0; path = SwiftDownDemoTests.xctest; sourceTree = BUILT_PRODUCTS_DIR; };
		947F611C2DFC6F17004BC30B /* SwiftDownDemoUITests.xctest */ = {isa = PBXFileReference; explicitFileType = wrapper.cfbundle; includeInIndex = 0; path = SwiftDownDemoUITests.xctest; sourceTree = BUILT_PRODUCTS_DIR; };
/* End PBXFileReference section */

/* Begin PBXFileSystemSynchronizedRootGroup section */
		947F61062DFC6F16004BC30B /* SwiftDownDemo */ = {
			isa = PBXFileSystemSynchronizedRootGroup;
			path = SwiftDownDemo;
			sourceTree = "<group>";
		};
		947F61152DFC6F17004BC30B /* SwiftDownDemoTests */ = {
			isa = PBXFileSystemSynchronizedRootGroup;
			path = SwiftDownDemoTests;
			sourceTree = "<group>";
		};
		947F611F2DFC6F17004BC30B /* SwiftDownDemoUITests */ = {
			isa = PBXFileSystemSynchronizedRootGroup;
			path = SwiftDownDemoUITests;
			sourceTree = "<group>";
		};
/* End PBXFileSystemSynchronizedRootGroup section */

/* Begin PBXFrameworksBuildPhase section */
		947F61012DFC6F16004BC30B /* Frameworks */ = {
			isa = PBXFrameworksBuildPhase;
			buildActionMask = 2147483647;
			files = (
				9413B9C72DFC85240012E8D4 /* SwiftDown in Frameworks */,
			);
			runOnlyForDeploymentPostprocessing = 0;
		};
		947F610F2DFC6F17004BC30B /* Frameworks */ = {
			isa = PBXFrameworksBuildPhase;
			buildActionMask = 2147483647;
			files = (
			);
			runOnlyForDeploymentPostprocessing = 0;
		};
		947F61192DFC6F17004BC30B /* Frameworks */ = {
			isa = PBXFrameworksBuildPhase;
			buildActionMask = 2147483647;
			files = (
			);
			runOnlyForDeploymentPostprocessing = 0;
		};
/* End PBXFrameworksBuildPhase section */

/* Begin PBXGroup section */
		947F60FB2DFC6F16004BC30B = {
			isa = PBXGroup;
			children = (
				947F61062DFC6F16004BC30B /* SwiftDownDemo */,
				947F61152DFC6F17004BC30B /* SwiftDownDemoTests */,
				947F611F2DFC6F17004BC30B /* SwiftDownDemoUITests */,
				947F61052DFC6F16004BC30B /* Products */,
			);
			sourceTree = "<group>";
		};
		947F61052DFC6F16004BC30B /* Products */ = {
			isa = PBXGroup;
			children = (
				947F61042DFC6F16004BC30B /* SwiftDownDemo.app */,
				947F61122DFC6F17004BC30B /* SwiftDownDemoTests.xctest */,
				947F611C2DFC6F17004BC30B /* SwiftDownDemoUITests.xctest */,
			);
			name = Products;
			sourceTree = "<group>";
		};
/* End PBXGroup section */

/* Begin PBXNativeTarget section */
		947F61032DFC6F16004BC30B /* SwiftDownDemo */ = {
			isa = PBXNativeTarget;
			buildConfigurationList = 947F61262DFC6F17004BC30B /* Build configuration list for PBXNativeTarget "SwiftDownDemo" */;
			buildPhases = (
				947F61002DFC6F16004BC30B /* Sources */,
				947F61012DFC6F16004BC30B /* Frameworks */,
				947F61022DFC6F16004BC30B /* Resources */,
			);
			buildRules = (
			);
			dependencies = (
			);
			fileSystemSynchronizedGroups = (
				947F61062DFC6F16004BC30B /* SwiftDownDemo */,
			);
			name = SwiftDownDemo;
			packageProductDependencies = (
				947F61C32DFC8391004BC30B /* SwiftDown */,
			);
			productName = SwiftDownDemo;
			productReference = 947F61042DFC6F16004BC30B /* SwiftDownDemo.app */;
			productType = "com.apple.product-type.application";
		};
		947F61112DFC6F17004BC30B /* SwiftDownDemoTests */ = {
			isa = PBXNativeTarget;
			buildConfigurationList = 947F61292DFC6F17004BC30B /* Build configuration list for PBXNativeTarget "SwiftDownDemoTests" */;
			buildPhases = (
				947F610E2DFC6F17004BC30B /* Sources */,
				947F610F2DFC6F17004BC30B /* Frameworks */,
				947F61102DFC6F17004BC30B /* Resources */,
			);
			buildRules = (
			);
			dependencies = (
				947F61142DFC6F17004BC30B /* PBXTargetDependency */,
			);
			fileSystemSynchronizedGroups = (
				947F61152DFC6F17004BC30B /* SwiftDownDemoTests */,
			);
			name = SwiftDownDemoTests;
			packageProductDependencies = (
			);
			productName = SwiftDownDemoTests;
			productReference = 947F61122DFC6F17004BC30B /* SwiftDownDemoTests.xctest */;
			productType = "com.apple.product-type.bundle.unit-test";
		};
		947F611B2DFC6F17004BC30B /* SwiftDownDemoUITests */ = {
			isa = PBXNativeTarget;
			buildConfigurationList = 947F612C2DFC6F17004BC30B /* Build configuration list for PBXNativeTarget "SwiftDownDemoUITests" */;
			buildPhases = (
				947F61182DFC6F17004BC30B /* Sources */,
				947F61192DFC6F17004BC30B /* Frameworks */,
				947F611A2DFC6F17004BC30B /* Resources */,
			);
			buildRules = (
			);
			dependencies = (
				947F611E2DFC6F17004BC30B /* PBXTargetDependency */,
			);
			fileSystemSynchronizedGroups = (
				947F611F2DFC6F17004BC30B /* SwiftDownDemoUITests */,
			);
			name = SwiftDownDemoUITests;
			packageProductDependencies = (
			);
			productName = SwiftDownDemoUITests;
			productReference = 947F611C2DFC6F17004BC30B /* SwiftDownDemoUITests.xctest */;
			productType = "com.apple.product-type.bundle.ui-testing";
		};
/* End PBXNativeTarget section */

/* Begin PBXProject section */
		947F60FC2DFC6F16004BC30B /* Project object */ = {
			isa = PBXProject;
			attributes = {
				BuildIndependentTargetsInParallel = 1;
				LastSwiftUpdateCheck = 1630;
				LastUpgradeCheck = 1630;
				TargetAttributes = {
					947F61032DFC6F16004BC30B = {
						CreatedOnToolsVersion = 16.3;
					};
					947F61112DFC6F17004BC30B = {
						CreatedOnToolsVersion = 16.3;
						TestTargetID = 947F61032DFC6F16004BC30B;
					};
					947F611B2DFC6F17004BC30B = {
						CreatedOnToolsVersion = 16.3;
						TestTargetID = 947F61032DFC6F16004BC30B;
					};
				};
			};
			buildConfigurationList = 947F60FF2DFC6F16004BC30B /* Build configuration list for PBXProject "SwiftDownDemo" */;
			developmentRegion = en;
			hasScannedForEncodings = 0;
			knownRegions = (
				en,
				Base,
			);
			mainGroup = 947F60FB2DFC6F16004BC30B;
			minimizedProjectReferenceProxies = 1;
			packageReferences = (
				947F61C22DFC8391004BC30B /* XCLocalSwiftPackageReference "../SwiftDown" */,
			);
			preferredProjectObjectVersion = 77;
			productRefGroup = 947F61052DFC6F16004BC30B /* Products */;
			projectDirPath = "";
			projectRoot = "";
			targets = (
				947F61032DFC6F16004BC30B /* SwiftDownDemo */,
				947F61112DFC6F17004BC30B /* SwiftDownDemoTests */,
				947F611B2DFC6F17004BC30B /* SwiftDownDemoUITests */,
			);
		};
/* End PBXProject section */

/* Begin PBXResourcesBuildPhase section */
		947F61022DFC6F16004BC30B /* Resources */ = {
			isa = PBXResourcesBuildPhase;
			buildActionMask = 2147483647;
			files = (
			);
			runOnlyForDeploymentPostprocessing = 0;
		};
		947F61102DFC6F17004BC30B /* Resources */ = {
			isa = PBXResourcesBuildPhase;
			buildActionMask = 2147483647;
			files = (
			);
			runOnlyForDeploymentPostprocessing = 0;
		};
		947F611A2DFC6F17004BC30B /* Resources */ = {
			isa = PBXResourcesBuildPhase;
			buildActionMask = 2147483647;
			files = (
			);
			runOnlyForDeploymentPostprocessing = 0;
		};
/* End PBXResourcesBuildPhase section */

/* Begin PBXSourcesBuildPhase section */
		947F61002DFC6F16004BC30B /* Sources */ = {
			isa = PBXSourcesBuildPhase;
			buildActionMask = 2147483647;
			files = (
			);
			runOnlyForDeploymentPostprocessing = 0;
		};
		947F610E2DFC6F17004BC30B /* Sources */ = {
			isa = PBXSourcesBuildPhase;
			buildActionMask = 2147483647;
			files = (
			);
			runOnlyForDeploymentPostprocessing = 0;
		};
		947F61182DFC6F17004BC30B /* Sources */ = {
			isa = PBXSourcesBuildPhase;
			buildActionMask = 2147483647;
			files = (
			);
			runOnlyForDeploymentPostprocessing = 0;
		};
/* End PBXSourcesBuildPhase section */

/* Begin PBXTargetDependency section */
		947F61142DFC6F17004BC30B /* PBXTargetDependency */ = {
			isa = PBXTargetDependency;
			target = 947F61032DFC6F16004BC30B /* SwiftDownDemo */;
			targetProxy = 947F61132DFC6F17004BC30B /* PBXContainerItemProxy */;
		};
		947F611E2DFC6F17004BC30B /* PBXTargetDependency */ = {
			isa = PBXTargetDependency;
			target = 947F61032DFC6F16004BC30B /* SwiftDownDemo */;
			targetProxy = 947F611D2DFC6F17004BC30B /* PBXContainerItemProxy */;
		};
/* End PBXTargetDependency section */

/* Begin XCBuildConfiguration section */
		947F61242DFC6F17004BC30B /* Debug */ = {
			isa = XCBuildConfiguration;
			buildSettings = {
				ALWAYS_SEARCH_USER_PATHS = NO;
				ASSETCATALOG_COMPILER_GENERATE_SWIFT_ASSET_SYMBOL_EXTENSIONS = YES;
				CLANG_ANALYZER_NONNULL = YES;
				CLANG_ANALYZER_NUMBER_OBJECT_CONVERSION = YES_AGGRESSIVE;
				CLANG_CXX_LANGUAGE_STANDARD = "gnu++20";
				CLANG_ENABLE_MODULES = YES;
				CLANG_ENABLE_OBJC_ARC = YES;
				CLANG_ENABLE_OBJC_WEAK = YES;
				CLANG_WARN_BLOCK_CAPTURE_AUTORELEASING = YES;
				CLANG_WARN_BOOL_CONVERSION = YES;
				CLANG_WARN_COMMA = YES;
				CLANG_WARN_CONSTANT_CONVERSION = YES;
				CLANG_WARN_DEPRECATED_OBJC_IMPLEMENTATIONS = YES;
				CLANG_WARN_DIRECT_OBJC_ISA_USAGE = YES_ERROR;
				CLANG_WARN_DOCUMENTATION_COMMENTS = YES;
				CLANG_WARN_EMPTY_BODY = YES;
				CLANG_WARN_ENUM_CONVERSION = YES;
				CLANG_WARN_INFINITE_RECURSION = YES;
				CLANG_WARN_INT_CONVERSION = YES;
				CLANG_WARN_NON_LITERAL_NULL_CONVERSION = YES;
				CLANG_WARN_OBJC_IMPLICIT_RETAIN_SELF = YES;
				CLANG_WARN_OBJC_LITERAL_CONVERSION = YES;
				CLANG_WARN_OBJC_ROOT_CLASS = YES_ERROR;
				CLANG_WARN_QUOTED_INCLUDE_IN_FRAMEWORK_HEADER = YES;
				CLANG_WARN_RANGE_LOOP_ANALYSIS = YES;
				CLANG_WARN_STRICT_PROTOTYPES = YES;
				CLANG_WARN_SUSPICIOUS_MOVE = YES;
				CLANG_WARN_UNGUARDED_AVAILABILITY = YES_AGGRESSIVE;
				CLANG_WARN_UNREACHABLE_CODE = YES;
				CLANG_WARN__DUPLICATE_METHOD_MATCH = YES;
				COPY_PHASE_STRIP = NO;
				DEBUG_INFORMATION_FORMAT = dwarf;
				DEVELOPMENT_TEAM = 6CQ7FKZPK4;
				ENABLE_STRICT_OBJC_MSGSEND = YES;
				ENABLE_TESTABILITY = YES;
				ENABLE_USER_SCRIPT_SANDBOXING = YES;
				GCC_C_LANGUAGE_STANDARD = gnu17;
				GCC_DYNAMIC_NO_PIC = NO;
				GCC_NO_COMMON_BLOCKS = YES;
				GCC_OPTIMIZATION_LEVEL = 0;
				GCC_PREPROCESSOR_DEFINITIONS = (
					"DEBUG=1",
					"$(inherited)",
				);
				GCC_WARN_64_TO_32_BIT_CONVERSION = YES;
				GCC_WARN_ABOUT_RETURN_TYPE = YES_ERROR;
				GCC_WARN_UNDECLARED_SELECTOR = YES;
				GCC_WARN_UNINITIALIZED_AUTOS = YES_AGGRESSIVE;
				GCC_WARN_UNUSED_FUNCTION = YES;
				GCC_WARN_UNUSED_VARIABLE = YES;
				LOCALIZATION_PREFERS_STRING_CATALOGS = YES;
				MTL_ENABLE_DEBUG_INFO = INCLUDE_SOURCE;
				MTL_FAST_MATH = YES;
				ONLY_ACTIVE_ARCH = YES;
				SWIFT_ACTIVE_COMPILATION_CONDITIONS = "DEBUG $(inherited)";
				SWIFT_OPTIMIZATION_LEVEL = "-Onone";
			};
			name = Debug;
		};
		947F61252DFC6F17004BC30B /* Release */ = {
			isa = XCBuildConfiguration;
			buildSettings = {
				ALWAYS_SEARCH_USER_PATHS = NO;
				ASSETCATALOG_COMPILER_GENERATE_SWIFT_ASSET_SYMBOL_EXTENSIONS = YES;
				CLANG_ANALYZER_NONNULL = YES;
				CLANG_ANALYZER_NUMBER_OBJECT_CONVERSION = YES_AGGRESSIVE;
				CLANG_CXX_LANGUAGE_STANDARD = "gnu++20";
				CLANG_ENABLE_MODULES = YES;
				CLANG_ENABLE_OBJC_ARC = YES;
				CLANG_ENABLE_OBJC_WEAK = YES;
				CLANG_WARN_BLOCK_CAPTURE_AUTORELEASING = YES;
				CLANG_WARN_BOOL_CONVERSION = YES;
				CLANG_WARN_COMMA = YES;
				CLANG_WARN_CONSTANT_CONVERSION = YES;
				CLANG_WARN_DEPRECATED_OBJC_IMPLEMENTATIONS = YES;
				CLANG_WARN_DIRECT_OBJC_ISA_USAGE = YES_ERROR;
				CLANG_WARN_DOCUMENTATION_COMMENTS = YES;
				CLANG_WARN_EMPTY_BODY = YES;
				CLANG_WARN_ENUM_CONVERSION = YES;
				CLANG_WARN_INFINITE_RECURSION = YES;
				CLANG_WARN_INT_CONVERSION = YES;
				CLANG_WARN_NON_LITERAL_NULL_CONVERSION = YES;
				CLANG_WARN_OBJC_IMPLICIT_RETAIN_SELF = YES;
				CLANG_WARN_OBJC_LITERAL_CONVERSION = YES;
				CLANG_WARN_OBJC_ROOT_CLASS = YES_ERROR;
				CLANG_WARN_QUOTED_INCLUDE_IN_FRAMEWORK_HEADER = YES;
				CLANG_WARN_RANGE_LOOP_ANALYSIS = YES;
				CLANG_WARN_STRICT_PROTOTYPES = YES;
				CLANG_WARN_SUSPICIOUS_MOVE = YES;
				CLANG_WARN_UNGUARDED_AVAILABILITY = YES_AGGRESSIVE;
				CLANG_WARN_UNREACHABLE_CODE = YES;
				CLANG_WARN__DUPLICATE_METHOD_MATCH = YES;
				COPY_PHASE_STRIP = NO;
				DEBUG_INFORMATION_FORMAT = "dwarf-with-dsym";
				DEVELOPMENT_TEAM = 6CQ7FKZPK4;
				ENABLE_NS_ASSERTIONS = NO;
				ENABLE_STRICT_OBJC_MSGSEND = YES;
				ENABLE_USER_SCRIPT_SANDBOXING = YES;
				GCC_C_LANGUAGE_STANDARD = gnu17;
				GCC_NO_COMMON_BLOCKS = YES;
				GCC_WARN_64_TO_32_BIT_CONVERSION = YES;
				GCC_WARN_ABOUT_RETURN_TYPE = YES_ERROR;
				GCC_WARN_UNDECLARED_SELECTOR = YES;
				GCC_WARN_UNINITIALIZED_AUTOS = YES_AGGRESSIVE;
				GCC_WARN_UNUSED_FUNCTION = YES;
				GCC_WARN_UNUSED_VARIABLE = YES;
				LOCALIZATION_PREFERS_STRING_CATALOGS = YES;
				MTL_ENABLE_DEBUG_INFO = NO;
				MTL_FAST_MATH = YES;
				SWIFT_COMPILATION_MODE = wholemodule;
			};
			name = Release;
		};
		947F61272DFC6F17004BC30B /* Debug */ = {
			isa = XCBuildConfiguration;
			buildSettings = {
				ASSETCATALOG_COMPILER_APPICON_NAME = AppIcon;
				ASSETCATALOG_COMPILER_GLOBAL_ACCENT_COLOR_NAME = AccentColor;
				CODE_SIGN_ENTITLEMENTS = SwiftDownDemo/SwiftDownDemo.entitlements;
				CODE_SIGN_STYLE = Automatic;
				CURRENT_PROJECT_VERSION = 1;
				DEVELOPMENT_TEAM = 6CQ7FKZPK4;
				ENABLE_HARDENED_RUNTIME = YES;
				ENABLE_PREVIEWS = YES;
				GENERATE_INFOPLIST_FILE = YES;
				"INFOPLIST_KEY_UIApplicationSceneManifest_Generation[sdk=iphoneos*]" = YES;
				"INFOPLIST_KEY_UIApplicationSceneManifest_Generation[sdk=iphonesimulator*]" = YES;
				"INFOPLIST_KEY_UIApplicationSupportsIndirectInputEvents[sdk=iphoneos*]" = YES;
				"INFOPLIST_KEY_UIApplicationSupportsIndirectInputEvents[sdk=iphonesimulator*]" = YES;
				"INFOPLIST_KEY_UILaunchScreen_Generation[sdk=iphoneos*]" = YES;
				"INFOPLIST_KEY_UILaunchScreen_Generation[sdk=iphonesimulator*]" = YES;
				"INFOPLIST_KEY_UIStatusBarStyle[sdk=iphoneos*]" = UIStatusBarStyleDefault;
				"INFOPLIST_KEY_UIStatusBarStyle[sdk=iphonesimulator*]" = UIStatusBarStyleDefault;
				INFOPLIST_KEY_UISupportedInterfaceOrientations_iPad = "UIInterfaceOrientationPortrait UIInterfaceOrientationPortraitUpsideDown UIInterfaceOrientationLandscapeLeft UIInterfaceOrientationLandscapeRight";
				INFOPLIST_KEY_UISupportedInterfaceOrientations_iPhone = "UIInterfaceOrientationPortrait UIInterfaceOrientationLandscapeLeft UIInterfaceOrientationLandscapeRight";
				IPHONEOS_DEPLOYMENT_TARGET = 18.4;
				LD_RUNPATH_SEARCH_PATHS = "@executable_path/Frameworks";
				"LD_RUNPATH_SEARCH_PATHS[sdk=macosx*]" = "@executable_path/../Frameworks";
				MACOSX_DEPLOYMENT_TARGET = 15.4;
				MARKETING_VERSION = 1.0;
				PRODUCT_BUNDLE_IDENTIFIER = com.rjarvis.swiftdowndemo.SwiftDownDemo;
				PRODUCT_NAME = "$(TARGET_NAME)";
				REGISTER_APP_GROUPS = YES;
				SDKROOT = auto;
				SUPPORTED_PLATFORMS = "iphoneos iphonesimulator macosx xros xrsimulator";
				SWIFT_EMIT_LOC_STRINGS = YES;
				SWIFT_VERSION = 6.0;
				TARGETED_DEVICE_FAMILY = "1,2,7";
				XROS_DEPLOYMENT_TARGET = 2.4;
			};
			name = Debug;
		};
		947F61282DFC6F17004BC30B /* Release */ = {
			isa = XCBuildConfiguration;
			buildSettings = {
				ASSETCATALOG_COMPILER_APPICON_NAME = AppIcon;
				ASSETCATALOG_COMPILER_GLOBAL_ACCENT_COLOR_NAME = AccentColor;
				CODE_SIGN_ENTITLEMENTS = SwiftDownDemo/SwiftDownDemo.entitlements;
				CODE_SIGN_STYLE = Automatic;
				CURRENT_PROJECT_VERSION = 1;
				DEVELOPMENT_TEAM = 6CQ7FKZPK4;
				ENABLE_HARDENED_RUNTIME = YES;
				ENABLE_PREVIEWS = YES;
				GENERATE_INFOPLIST_FILE = YES;
				"INFOPLIST_KEY_UIApplicationSceneManifest_Generation[sdk=iphoneos*]" = YES;
				"INFOPLIST_KEY_UIApplicationSceneManifest_Generation[sdk=iphonesimulator*]" = YES;
				"INFOPLIST_KEY_UIApplicationSupportsIndirectInputEvents[sdk=iphoneos*]" = YES;
				"INFOPLIST_KEY_UIApplicationSupportsIndirectInputEvents[sdk=iphonesimulator*]" = YES;
				"INFOPLIST_KEY_UILaunchScreen_Generation[sdk=iphoneos*]" = YES;
				"INFOPLIST_KEY_UILaunchScreen_Generation[sdk=iphonesimulator*]" = YES;
				"INFOPLIST_KEY_UIStatusBarStyle[sdk=iphoneos*]" = UIStatusBarStyleDefault;
				"INFOPLIST_KEY_UIStatusBarStyle[sdk=iphonesimulator*]" = UIStatusBarStyleDefault;
				INFOPLIST_KEY_UISupportedInterfaceOrientations_iPad = "UIInterfaceOrientationPortrait UIInterfaceOrientationPortraitUpsideDown UIInterfaceOrientationLandscapeLeft UIInterfaceOrientationLandscapeRight";
				INFOPLIST_KEY_UISupportedInterfaceOrientations_iPhone = "UIInterfaceOrientationPortrait UIInterfaceOrientationLandscapeLeft UIInterfaceOrientationLandscapeRight";
				IPHONEOS_DEPLOYMENT_TARGET = 18.4;
				LD_RUNPATH_SEARCH_PATHS = "@executable_path/Frameworks";
				"LD_RUNPATH_SEARCH_PATHS[sdk=macosx*]" = "@executable_path/../Frameworks";
				MACOSX_DEPLOYMENT_TARGET = 15.4;
				MARKETING_VERSION = 1.0;
				PRODUCT_BUNDLE_IDENTIFIER = com.rjarvis.swiftdowndemo.SwiftDownDemo;
				PRODUCT_NAME = "$(TARGET_NAME)";
				REGISTER_APP_GROUPS = YES;
				SDKROOT = auto;
				SUPPORTED_PLATFORMS = "iphoneos iphonesimulator macosx xros xrsimulator";
				SWIFT_EMIT_LOC_STRINGS = YES;
				SWIFT_VERSION = 6.0;
				TARGETED_DEVICE_FAMILY = "1,2,7";
				XROS_DEPLOYMENT_TARGET = 2.4;
			};
			name = Release;
		};
		947F612A2DFC6F17004BC30B /* Debug */ = {
			isa = XCBuildConfiguration;
			buildSettings = {
				BUNDLE_LOADER = "$(TEST_HOST)";
				CODE_SIGN_STYLE = Automatic;
				CURRENT_PROJECT_VERSION = 1;
				DEVELOPMENT_TEAM = 6CQ7FKZPK4;
				GENERATE_INFOPLIST_FILE = YES;
				IPHONEOS_DEPLOYMENT_TARGET = 18.4;
				MACOSX_DEPLOYMENT_TARGET = 15.4;
				MARKETING_VERSION = 1.0;
				PRODUCT_BUNDLE_IDENTIFIER = com.rjarvis.swiftdowndemo.SwiftDownDemoTests;
				PRODUCT_NAME = "$(TARGET_NAME)";
				SDKROOT = auto;
				SUPPORTED_PLATFORMS = "iphoneos iphonesimulator macosx xros xrsimulator";
				SWIFT_EMIT_LOC_STRINGS = NO;
				SWIFT_VERSION = 5.0;
				TARGETED_DEVICE_FAMILY = "1,2,7";
				TEST_HOST = "$(BUILT_PRODUCTS_DIR)/SwiftDownDemo.app/$(BUNDLE_EXECUTABLE_FOLDER_PATH)/SwiftDownDemo";
				XROS_DEPLOYMENT_TARGET = 2.4;
			};
			name = Debug;
		};
		947F612B2DFC6F17004BC30B /* Release */ = {
			isa = XCBuildConfiguration;
			buildSettings = {
				BUNDLE_LOADER = "$(TEST_HOST)";
				CODE_SIGN_STYLE = Automatic;
				CURRENT_PROJECT_VERSION = 1;
				DEVELOPMENT_TEAM = 6CQ7FKZPK4;
				GENERATE_INFOPLIST_FILE = YES;
				IPHONEOS_DEPLOYMENT_TARGET = 18.4;
				MACOSX_DEPLOYMENT_TARGET = 15.4;
				MARKETING_VERSION = 1.0;
				PRODUCT_BUNDLE_IDENTIFIER = com.rjarvis.swiftdowndemo.SwiftDownDemoTests;
				PRODUCT_NAME = "$(TARGET_NAME)";
				SDKROOT = auto;
				SUPPORTED_PLATFORMS = "iphoneos iphonesimulator macosx xros xrsimulator";
				SWIFT_EMIT_LOC_STRINGS = NO;
				SWIFT_VERSION = 5.0;
				TARGETED_DEVICE_FAMILY = "1,2,7";
				TEST_HOST = "$(BUILT_PRODUCTS_DIR)/SwiftDownDemo.app/$(BUNDLE_EXECUTABLE_FOLDER_PATH)/SwiftDownDemo";
				XROS_DEPLOYMENT_TARGET = 2.4;
			};
			name = Release;
		};
		947F612D2DFC6F17004BC30B /* Debug */ = {
			isa = XCBuildConfiguration;
			buildSettings = {
				CODE_SIGN_STYLE = Automatic;
				CURRENT_PROJECT_VERSION = 1;
				DEVELOPMENT_TEAM = 6CQ7FKZPK4;
				GENERATE_INFOPLIST_FILE = YES;
				IPHONEOS_DEPLOYMENT_TARGET = 18.4;
				MACOSX_DEPLOYMENT_TARGET = 15.4;
				MARKETING_VERSION = 1.0;
				PRODUCT_BUNDLE_IDENTIFIER = com.rjarvis.swiftdowndemo.SwiftDownDemoUITests;
				PRODUCT_NAME = "$(TARGET_NAME)";
				SDKROOT = auto;
				SUPPORTED_PLATFORMS = "iphoneos iphonesimulator macosx xros xrsimulator";
				SWIFT_EMIT_LOC_STRINGS = NO;
				SWIFT_VERSION = 5.0;
				TARGETED_DEVICE_FAMILY = "1,2,7";
				TEST_TARGET_NAME = SwiftDownDemo;
				XROS_DEPLOYMENT_TARGET = 2.4;
			};
			name = Debug;
		};
		947F612E2DFC6F17004BC30B /* Release */ = {
			isa = XCBuildConfiguration;
			buildSettings = {
				CODE_SIGN_STYLE = Automatic;
				CURRENT_PROJECT_VERSION = 1;
				DEVELOPMENT_TEAM = 6CQ7FKZPK4;
				GENERATE_INFOPLIST_FILE = YES;
				IPHONEOS_DEPLOYMENT_TARGET = 18.4;
				MACOSX_DEPLOYMENT_TARGET = 15.4;
				MARKETING_VERSION = 1.0;
				PRODUCT_BUNDLE_IDENTIFIER = com.rjarvis.swiftdowndemo.SwiftDownDemoUITests;
				PRODUCT_NAME = "$(TARGET_NAME)";
				SDKROOT = auto;
				SUPPORTED_PLATFORMS = "iphoneos iphonesimulator macosx xros xrsimulator";
				SWIFT_EMIT_LOC_STRINGS = NO;
				SWIFT_VERSION = 5.0;
				TARGETED_DEVICE_FAMILY = "1,2,7";
				TEST_TARGET_NAME = SwiftDownDemo;
				XROS_DEPLOYMENT_TARGET = 2.4;
			};
			name = Release;
		};
/* End XCBuildConfiguration section */

/* Begin XCConfigurationList section */
		947F60FF2DFC6F16004BC30B /* Build configuration list for PBXProject "SwiftDownDemo" */ = {
			isa = XCConfigurationList;
			buildConfigurations = (
				947F61242DFC6F17004BC30B /* Debug */,
				947F61252DFC6F17004BC30B /* Release */,
			);
			defaultConfigurationIsVisible = 0;
			defaultConfigurationName = Release;
		};
		947F61262DFC6F17004BC30B /* Build configuration list for PBXNativeTarget "SwiftDownDemo" */ = {
			isa = XCConfigurationList;
			buildConfigurations = (
				947F61272DFC6F17004BC30B /* Debug */,
				947F61282DFC6F17004BC30B /* Release */,
			);
			defaultConfigurationIsVisible = 0;
			defaultConfigurationName = Release;
		};
		947F61292DFC6F17004BC30B /* Build configuration list for PBXNativeTarget "SwiftDownDemoTests" */ = {
			isa = XCConfigurationList;
			buildConfigurations = (
				947F612A2DFC6F17004BC30B /* Debug */,
				947F612B2DFC6F17004BC30B /* Release */,
			);
			defaultConfigurationIsVisible = 0;
			defaultConfigurationName = Release;
		};
		947F612C2DFC6F17004BC30B /* Build configuration list for PBXNativeTarget "SwiftDownDemoUITests" */ = {
			isa = XCConfigurationList;
			buildConfigurations = (
				947F612D2DFC6F17004BC30B /* Debug */,
				947F612E2DFC6F17004BC30B /* Release */,
			);
			defaultConfigurationIsVisible = 0;
			defaultConfigurationName = Release;
		};
/* End XCConfigurationList section */

/* Begin XCLocalSwiftPackageReference section */
		947F61C22DFC8391004BC30B /* XCLocalSwiftPackageReference "../SwiftDown" */ = {
			isa = XCLocalSwiftPackageReference;
			relativePath = ../SwiftDown;
		};
/* End XCLocalSwiftPackageReference section */

/* Begin XCSwiftPackageProductDependency section */
		947F61C32DFC8391004BC30B /* SwiftDown */ = {
			isa = XCSwiftPackageProductDependency;
			package = 947F61C22DFC8391004BC30B /* XCLocalSwiftPackageReference "../SwiftDown" */;
			productName = SwiftDown;
		};
/* End XCSwiftPackageProductDependency section */
	};
	rootObject = 947F60FC2DFC6F16004BC30B /* Project object */;
}
